
Microsoft Visual Studio Solution File, Format Version 12.00
# Visual Studio Version 16
VisualStudioVersion = 16.0.32802.440
MinimumVisualStudioVersion = 10.0.40219.1
Project("{FAE04EC0-301F-11D3-BF4B-00C04F79EFBC}") = "Seafood.Domain", "Seafood.Domain\Seafood.Domain.csproj", "{9F6EBA68-E695-4C75-B46D-3BEA0E8233BA}"
EndProject
Project("{FAE04EC0-301F-11D3-BF4B-00C04F79EFBC}") = "Seafood.Repository", "Seafood.Repository\Seafood.Repository.csproj", "{51497DE4-2490-4CD4-8D55-856E467CC40F}"
EndProject
Project("{FAE04EC0-301F-11D3-BF4B-00C04F79EFBC}") = "Seafood.Service", "Seafood.Service\Seafood.Service.csproj", "{9498ADFE-D37E-4BE9-9111-99870E9A6414}"
EndProject
Project("{FAE04EC0-301F-11D3-BF4B-00C04F79EFBC}") = "Seafood.WebApi", "Seafood.WebApi\Seafood.WebApi.csproj", "{FEE5DF12-F045-47AE-A326-B62399E77FDA}"
EndProject
Project("{FAE04EC0-301F-11D3-BF4B-00C04F79EFBC}") = "Admin", "Admin\Admin.csproj", "{082CE35F-DCDB-4FB0-AE59-36442C79F9E2}"
EndProject
Global
	GlobalSection(SolutionConfigurationPlatforms) = preSolution
		Debug|Any CPU = Debug|Any CPU
		Debug|x64 = Debug|x64
		Debug|x86 = Debug|x86
		Release|Any CPU = Release|Any CPU
		Release|x64 = Release|x64
		Release|x86 = Release|x86
	EndGlobalSection
	GlobalSection(ProjectConfigurationPlatforms) = postSolution
		{9F6EBA68-E695-4C75-B46D-3BEA0E8233BA}.Debug|Any CPU.ActiveCfg = Debug|Any CPU
		{9F6EBA68-E695-4C75-B46D-3BEA0E8233BA}.Debug|Any CPU.Build.0 = Debug|Any CPU
		{9F6EBA68-E695-4C75-B46D-3BEA0E8233BA}.Debug|x64.ActiveCfg = Debug|Any CPU
		{9F6EBA68-E695-4C75-B46D-3BEA0E8233BA}.Debug|x64.Build.0 = Debug|Any CPU
		{9F6EBA68-E695-4C75-B46D-3BEA0E8233BA}.Debug|x86.ActiveCfg = Debug|Any CPU
		{9F6EBA68-E695-4C75-B46D-3BEA0E8233BA}.Debug|x86.Build.0 = Debug|Any CPU
		{9F6EBA68-E695-4C75-B46D-3BEA0E8233BA}.Release|Any CPU.ActiveCfg = Release|Any CPU
		{9F6EBA68-E695-4C75-B46D-3BEA0E8233BA}.Release|Any CPU.Build.0 = Release|Any CPU
		{9F6EBA68-E695-4C75-B46D-3BEA0E8233BA}.Release|x64.ActiveCfg = Release|Any CPU
		{9F6EBA68-E695-4C75-B46D-3BEA0E8233BA}.Release|x64.Build.0 = Release|Any CPU
		{9F6EBA68-E695-4C75-B46D-3BEA0E8233BA}.Release|x86.ActiveCfg = Release|Any CPU
		{9F6EBA68-E695-4C75-B46D-3BEA0E8233BA}.Release|x86.Build.0 = Release|Any CPU
		{51497DE4-2490-4CD4-8D55-856E467CC40F}.Debug|Any CPU.ActiveCfg = Debug|Any CPU
		{51497DE4-2490-4CD4-8D55-856E467CC40F}.Debug|Any CPU.Build.0 = Debug|Any CPU
		{51497DE4-2490-4CD4-8D55-856E467CC40F}.Debug|x64.ActiveCfg = Debug|Any CPU
		{51497DE4-2490-4CD4-8D55-856E467CC40F}.Debug|x64.Build.0 = Debug|Any CPU
		{51497DE4-2490-4CD4-8D55-856E467CC40F}.Debug|x86.ActiveCfg = Debug|Any CPU
		{51497DE4-2490-4CD4-8D55-856E467CC40F}.Debug|x86.Build.0 = Debug|Any CPU
		{51497DE4-2490-4CD4-8D55-856E467CC40F}.Release|Any CPU.ActiveCfg = Release|Any CPU
		{51497DE4-2490-4CD4-8D55-856E467CC40F}.Release|Any CPU.Build.0 = Release|Any CPU
		{51497DE4-2490-4CD4-8D55-856E467CC40F}.Release|x64.ActiveCfg = Release|Any CPU
		{51497DE4-2490-4CD4-8D55-856E467CC40F}.Release|x64.Build.0 = Release|Any CPU
		{51497DE4-2490-4CD4-8D55-856E467CC40F}.Release|x86.ActiveCfg = Release|Any CPU
		{51497DE4-2490-4CD4-8D55-856E467CC40F}.Release|x86.Build.0 = Release|Any CPU
		{9498ADFE-D37E-4BE9-9111-99870E9A6414}.Debug|Any CPU.ActiveCfg = Debug|Any CPU
		{9498ADFE-D37E-4BE9-9111-99870E9A6414}.Debug|Any CPU.Build.0 = Debug|Any CPU
		{9498ADFE-D37E-4BE9-9111-99870E9A6414}.Debug|x64.ActiveCfg = Debug|Any CPU
		{9498ADFE-D37E-4BE9-9111-99870E9A6414}.Debug|x64.Build.0 = Debug|Any CPU
		{9498ADFE-D37E-4BE9-9111-99870E9A6414}.Debug|x86.ActiveCfg = Debug|Any CPU
		{9498ADFE-D37E-4BE9-9111-99870E9A6414}.Debug|x86.Build.0 = Debug|Any CPU
		{9498ADFE-D37E-4BE9-9111-99870E9A6414}.Release|Any CPU.ActiveCfg = Release|Any CPU
		{9498ADFE-D37E-4BE9-9111-99870E9A6414}.Release|Any CPU.Build.0 = Release|Any CPU
		{9498ADFE-D37E-4BE9-9111-99870E9A6414}.Release|x64.ActiveCfg = Release|Any CPU
		{9498ADFE-D37E-4BE9-9111-99870E9A6414}.Release|x64.Build.0 = Release|Any CPU
		{9498ADFE-D37E-4BE9-9111-99870E9A6414}.Release|x86.ActiveCfg = Release|Any CPU
		{9498ADFE-D37E-4BE9-9111-99870E9A6414}.Release|x86.Build.0 = Release|Any CPU
		{FEE5DF12-F045-47AE-A326-B62399E77FDA}.Debug|Any CPU.ActiveCfg = Debug|Any CPU
		{FEE5DF12-F045-47AE-A326-B62399E77FDA}.Debug|Any CPU.Build.0 = Debug|Any CPU
		{FEE5DF12-F045-47AE-A326-B62399E77FDA}.Debug|x64.ActiveCfg = Debug|Any CPU
		{FEE5DF12-F045-47AE-A326-B62399E77FDA}.Debug|x64.Build.0 = Debug|Any CPU
		{FEE5DF12-F045-47AE-A326-B62399E77FDA}.Debug|x86.ActiveCfg = Debug|Any CPU
		{FEE5DF12-F045-47AE-A326-B62399E77FDA}.Debug|x86.Build.0 = Debug|Any CPU
		{FEE5DF12-F045-47AE-A326-B62399E77FDA}.Release|Any CPU.ActiveCfg = Release|Any CPU
		{FEE5DF12-F045-47AE-A326-B62399E77FDA}.Release|Any CPU.Build.0 = Release|Any CPU
		{FEE5DF12-F045-47AE-A326-B62399E77FDA}.Release|x64.ActiveCfg = Release|Any CPU
		{FEE5DF12-F045-47AE-A326-B62399E77FDA}.Release|x64.Build.0 = Release|Any CPU
		{FEE5DF12-F045-47AE-A326-B62399E77FDA}.Release|x86.ActiveCfg = Release|Any CPU
		{FEE5DF12-F045-47AE-A326-B62399E77FDA}.Release|x86.Build.0 = Release|Any CPU
		{082CE35F-DCDB-4FB0-AE59-36442C79F9E2}.Debug|Any CPU.ActiveCfg = Debug|Any CPU
		{082CE35F-DCDB-4FB0-AE59-36442C79F9E2}.Debug|Any CPU.Build.0 = Debug|Any CPU
		{082CE35F-DCDB-4FB0-AE59-36442C79F9E2}.Debug|x64.ActiveCfg = Debug|x64
		{082CE35F-DCDB-4FB0-AE59-36442C79F9E2}.Debug|x64.Build.0 = Debug|x64
		{082CE35F-DCDB-4FB0-AE59-36442C79F9E2}.Debug|x86.ActiveCfg = Debug|x86
		{082CE35F-DCDB-4FB0-AE59-36442C79F9E2}.Debug|x86.Build.0 = Debug|x86
		{082CE35F-DCDB-4FB0-AE59-36442C79F9E2}.Release|Any CPU.ActiveCfg = Release|Any CPU
		{082CE35F-DCDB-4FB0-AE59-36442C79F9E2}.Release|Any CPU.Build.0 = Release|Any CPU
		{082CE35F-DCDB-4FB0-AE59-36442C79F9E2}.Release|x64.ActiveCfg = Release|x64
		{082CE35F-DCDB-4FB0-AE59-36442C79F9E2}.Release|x64.Build.0 = Release|x64
		{082CE35F-DCDB-4FB0-AE59-36442C79F9E2}.Release|x86.ActiveCfg = Release|x86
		{082CE35F-DCDB-4FB0-AE59-36442C79F9E2}.Release|x86.Build.0 = Release|x86
	EndGlobalSection
	GlobalSection(SolutionProperties) = preSolution
		HideSolutionNode = FALSE
	EndGlobalSection
	GlobalSection(ExtensibilityGlobals) = postSolution
		SolutionGuid = {89AF2604-B3DC-41DC-92A5-5E78F163CF11}
	EndGlobalSection
EndGlobal
